
Microsoft Visual Studio Solution File, Format Version 12.00
# Visual Studio Version 17
VisualStudioVersion = 17.9.34728.123
MinimumVisualStudioVersion = 10.0.40219.1
Project("{FAE04EC0-301F-11D3-BF4B-00C04F79EFBC}") = "RagnarokBotWeb", "RagnarokBotWeb\RagnarokBotWeb.csproj", "{12E9F59F-B970-4E21-8D9D-6903C9913624}"
EndProject
Global
	GlobalSection(SolutionConfigurationPlatforms) = preSolution
		Debug|Any CPU = Debug|Any CPU
		Release|Any CPU = Release|Any CPU
	EndGlobalSection
	GlobalSection(ProjectConfigurationPlatforms) = postSolution
		{12E9F59F-B970-4E21-8D9D-6903C9913624}.Debug|Any CPU.ActiveCfg = Debug|Any CPU
		{12E9F59F-B970-4E21-8D9D-6903C9913624}.Debug|Any CPU.Build.0 = Debug|Any CPU
		{12E9F59F-B970-4E21-8D9D-6903C9913624}.Release|Any CPU.ActiveCfg = Release|Any CPU
		{12E9F59F-B970-4E21-8D9D-6903C9913624}.Release|Any CPU.Build.0 = Release|Any CPU
	EndGlobalSection
	GlobalSection(SolutionProperties) = preSolution
		HideSolutionNode = FALSE
	EndGlobalSection
	GlobalSection(ExtensibilityGlobals) = postSolution
		SolutionGuid = {28B082F2-9D52-47FA-B7A8-6F6838B265E3}
	EndGlobalSection
EndGlobal
